// !$*UTF8*$!
{
	archiveVersion = 1;
	classes = {
	};
	objectVersion = 46;
	objects = {

/* Begin PBXBuildFile section */
		3CCA56F71D64A2B4004CE16A /* AppDelegate.swift in Sources */ = {isa = PBXBuildFile; fileRef = 3CCA56F61D64A2B4004CE16A /* AppDelegate.swift */; };
		3CCA56F91D64A2B4004CE16A /* ViewController.swift in Sources */ = {isa = PBXBuildFile; fileRef = 3CCA56F81D64A2B4004CE16A /* ViewController.swift */; };
		3CCA56FC1D64A2B4004CE16A /* Main.storyboard in Resources */ = {isa = PBXBuildFile; fileRef = 3CCA56FA1D64A2B4004CE16A /* Main.storyboard */; };
		3CCA56FE1D64A2B4004CE16A /* Assets.xcassets in Resources */ = {isa = PBXBuildFile; fileRef = 3CCA56FD1D64A2B4004CE16A /* Assets.xcassets */; };
		3CCA57011D64A2B4004CE16A /* LaunchScreen.storyboard in Resources */ = {isa = PBXBuildFile; fileRef = 3CCA56FF1D64A2B4004CE16A /* LaunchScreen.storyboard */; };
/* End PBXBuildFile section */

/* Begin PBXFileReference section */
		3CCA56F31D64A2B4004CE16A /* IdentityDemo.app */ = {isa = PBXFileReference; explicitFileType = wrapper.application; includeInIndex = 0; path = IdentityDemo.app; sourceTree = BUILT_PRODUCTS_DIR; };
		3CCA56F61D64A2B4004CE16A /* AppDelegate.swift */ = {isa = PBXFileReference; lastKnownFileType = sourcecode.swift; path = AppDelegate.swift; sourceTree = "<group>"; };
		3CCA56F81D64A2B4004CE16A /* ViewController.swift */ = {isa = PBXFileReference; lastKnownFileType = sourcecode.swift; path = ViewController.swift; sourceTree = "<group>"; };
		3CCA56FB1D64A2B4004CE16A /* Base */ = {isa = PBXFileReference; lastKnownFileType = file.storyboard; name = Base; path = Base.lproj/Main.storyboard; sourceTree = "<group>"; };
		3CCA56FD1D64A2B4004CE16A /* Assets.xcassets */ = {isa = PBXFileReference; lastKnownFileType = folder.assetcatalog; path = Assets.xcassets; sourceTree = "<group>"; };
		3CCA57001D64A2B4004CE16A /* Base */ = {isa = PBXFileReference; lastKnownFileType = file.storyboard; name = Base; path = Base.lproj/LaunchScreen.storyboard; sourceTree = "<group>"; };
		3CCA57021D64A2B4004CE16A /* Info.plist */ = {isa = PBXFileReference; lastKnownFileType = text.plist.xml; path = Info.plist; sourceTree = "<group>"; };
/* End PBXFileReference section */

/* Begin PBXFrameworksBuildPhase section */
		3CCA56F01D64A2B4004CE16A /* Frameworks */ = {
			isa = PBXFrameworksBuildPhase;
			buildActionMask = 2147483647;
			files = (
			);
			runOnlyForDeploymentPostprocessing = 0;
		};
/* End PBXFrameworksBuildPhase section */

/* Begin PBXGroup section */
		3CCA56EA1D64A2B4004CE16A = {
			isa = PBXGroup;
			children = (
				3CCA56F51D64A2B4004CE16A /* IdentityDemo */,
				3CCA56F41D64A2B4004CE16A /* Products */,
			);
			sourceTree = "<group>";
		};
		3CCA56F41D64A2B4004CE16A /* Products */ = {
			isa = PBXGroup;
			children = (
				3CCA56F31D64A2B4004CE16A /* IdentityDemo.app */,
			);
			name = Products;
			sourceTree = "<group>";
		};
		3CCA56F51D64A2B4004CE16A /* IdentityDemo */ = {
			isa = PBXGroup;
			children = (
				3CCA56F61D64A2B4004CE16A /* AppDelegate.swift */,
				3CCA56F81D64A2B4004CE16A /* ViewController.swift */,
				3CCA56FA1D64A2B4004CE16A /* Main.storyboard */,
				3CCA56FD1D64A2B4004CE16A /* Assets.xcassets */,
				3CCA56FF1D64A2B4004CE16A /* LaunchScreen.storyboard */,
				3CCA57021D64A2B4004CE16A /* Info.plist */,
			);
			path = IdentityDemo;
			sourceTree = "<group>";
		};
/* End PBXGroup section */

/* Begin PBXNativeTarget section */
		3CCA56F21D64A2B4004CE16A /* IdentityDemo */ = {
			isa = PBXNativeTarget;
			buildConfigurationList = 3CCA57051D64A2B4004CE16A /* Build configuration list for PBXNativeTarget "IdentityDemo" */;
			buildPhases = (
				3CCA56EF1D64A2B4004CE16A /* Sources */,
				3CCA56F01D64A2B4004CE16A /* Frameworks */,
				3CCA56F11D64A2B4004CE16A /* Resources */,
			);
			buildRules = (
			);
			dependencies = (
			);
			name = IdentityDemo;
			productName = IdentityDemo;
			productReference = 3CCA56F31D64A2B4004CE16A /* IdentityDemo.app */;
			productType = "com.apple.product-type.application";
		};
/* End PBXNativeTarget section */

/* Begin PBXProject section */
		3CCA56EB1D64A2B4004CE16A /* Project object */ = {
			isa = PBXProject;
			attributes = {
				LastSwiftUpdateCheck = 0730;
				LastUpgradeCheck = 0730;
				ORGANIZATIONNAME = dtho;
				TargetAttributes = {
					3CCA56F21D64A2B4004CE16A = {
						CreatedOnToolsVersion = 7.3.1;
					};
				};
			};
			buildConfigurationList = 3CCA56EE1D64A2B4004CE16A /* Build configuration list for PBXProject "IdentityDemo" */;
			compatibilityVersion = "Xcode 3.2";
			developmentRegion = English;
			hasScannedForEncodings = 0;
			knownRegions = (
				en,
				Base,
			);
			mainGroup = 3CCA56EA1D64A2B4004CE16A;
			productRefGroup = 3CCA56F41D64A2B4004CE16A /* Products */;
			projectDirPath = "";
			projectRoot = "";
			targets = (
				3CCA56F21D64A2B4004CE16A /* IdentityDemo */,
			);
		};
/* End PBXProject section */

/* Begin PBXResourcesBuildPhase section */
		3CCA56F11D64A2B4004CE16A /* Resources */ = {
			isa = PBXResourcesBuildPhase;
			buildActionMask = 2147483647;
			files = (
				3CCA57011D64A2B4004CE16A /* LaunchScreen.storyboard in Resources */,
				3CCA56FE1D64A2B4004CE16A /* Assets.xcassets in Resources */,
				3CCA56FC1D64A2B4004CE16A /* Main.storyboard in Resources */,
			);
			runOnlyForDeploymentPostprocessing = 0;
		};
/* End PBXResourcesBuildPhase section */

/* Begin PBXSourcesBuildPhase section */
		3CCA56EF1D64A2B4004CE16A /* Sources */ = {
			isa = PBXSourcesBuildPhase;
			buildActionMask = 2147483647;
			files = (
				3CCA56F91D64A2B4004CE16A /* ViewController.swift in Sources */,
				3CCA56F71D64A2B4004CE16A /* AppDelegate.swift in Sources */,
			);
			runOnlyForDeploymentPostprocessing = 0;
		};
/* End PBXSourcesBuildPhase section */

/* Begin PBXVariantGroup section */
		3CCA56FA1D64A2B4004CE16A /* Main.storyboard */ = {
			isa = PBXVariantGroup;
			children = (
				3CCA56FB1D64A2B4004CE16A /* Base */,
			);
			name = Main.storyboard;
			sourceTree = "<group>";
		};
		3CCA56FF1D64A2B4004CE16A /* LaunchScreen.storyboard */ = {
			isa = PBXVariantGroup;
			children = (
				3CCA57001D64A2B4004CE16A /* Base */,
			);
			name = LaunchScreen.storyboard;
			sourceTree = "<group>";
		};
/* End PBXVariantGroup section */

/* Begin XCBuildConfiguration section */
		3CCA57031D64A2B4004CE16A /* Debug */ = {
			isa = XCBuildConfiguration;
			buildSettings = {
				ALWAYS_SEARCH_USER_PATHS = NO;
				CLANG_ANALYZER_NONNULL = YES;
				CLANG_CXX_LANGUAGE_STANDARD = "gnu++0x";
				CLANG_CXX_LIBRARY = "libc++";
				CLANG_ENABLE_MODULES = YES;
				CLANG_ENABLE_OBJC_ARC = YES;
				CLANG_WARN_BOOL_CONVERSION = YES;
				CLANG_WARN_CONSTANT_CONVERSION = YES;
				CLANG_WARN_DIRECT_OBJC_ISA_USAGE = YES_ERROR;
				CLANG_WARN_EMPTY_BODY = YES;
				CLANG_WARN_ENUM_CONVERSION = YES;
				CLANG_WARN_INT_CONVERSION = YES;
				CLANG_WARN_OBJC_ROOT_CLASS = YES_ERROR;
				CLANG_WARN_UNREACHABLE_CODE = YES;
				CLANG_WARN__DUPLICATE_METHOD_MATCH = YES;
				"CODE_SIGN_IDENTITY[sdk=iphoneos*]" = "iPhone Developer";
				COPY_PHASE_STRIP = NO;
				DEBUG_INFORMATION_FORMAT = dwarf;
				ENABLE_STRICT_OBJC_MSGSEND = YES;
				ENABLE_TESTABILITY = YES;
				GCC_C_LANGUAGE_STANDARD = gnu99;
				GCC_DYNAMIC_NO_PIC = NO;
				GCC_NO_COMMON_BLOCKS = YES;
				GCC_OPTIMIZATION_LEVEL = 0;
				GCC_PREPROCESSOR_DEFINITIONS = (
					"DEBUG=1",
					"$(inherited)",
				);
				GCC_WARN_64_TO_32_BIT_CONVERSION = YES;
				GCC_WARN_ABOUT_RETURN_TYPE = YES_ERROR;
				GCC_WARN_UNDECLARED_SELECTOR = YES;
				GCC_WARN_UNINITIALIZED_AUTOS = YES_AGGRESSIVE;
				GCC_WARN_UNUSED_FUNCTION = YES;
				GCC_WARN_UNUSED_VARIABLE = YES;
				IPHONEOS_DEPLOYMENT_TARGET = 9.3;
				MTL_ENABLE_DEBUG_INFO = YES;
				ONLY_ACTIVE_ARCH = YES;
				SDKROOT = iphoneos;
				SWIFT_OPTIMIZATION_LEVEL = "-Onone";
				TARGETED_DEVICE_FAMILY = "1,2";
			};
			name = Debug;
		};
		3CCA57041D64A2B4004CE16A /* Release */ = {
			isa = XCBuildConfiguration;
			buildSettings = {
				ALWAYS_SEARCH_USER_PATHS = NO;
				CLANG_ANALYZER_NONNULL = YES;
				CLANG_CXX_LANGUAGE_STANDARD = "gnu++0x";
				CLANG_CXX_LIBRARY = "libc++";
				CLANG_ENABLE_MODULES = YES;
				CLANG_ENABLE_OBJC_ARC = YES;
				CLANG_WARN_BOOL_CONVERSION = YES;
				CLANG_WARN_CONSTANT_CONVERSION = YES;
				CLANG_WARN_DIRECT_OBJC_ISA_USAGE = YES_ERROR;
				CLANG_WARN_EMPTY_BODY = YES;
				CLANG_WARN_ENUM_CONVERSION = YES;
				CLANG_WARN_INT_CONVERSION = YES;
				CLANG_WARN_OBJC_ROOT_CLASS = YES_ERROR;
				CLANG_WARN_UNREACHABLE_CODE = YES;
				CLANG_WARN__DUPLICATE_METHOD_MATCH = YES;
				"CODE_SIGN_IDENTITY[sdk=iphoneos*]" = "iPhone Developer";
				COPY_PHASE_STRIP = NO;
				DEBUG_INFORMATION_FORMAT = "dwarf-with-dsym";
				ENABLE_NS_ASSERTIONS = NO;
				ENABLE_STRICT_OBJC_MSGSEND = YES;
				GCC_C_LANGUAGE_STANDARD = gnu99;
				GCC_NO_COMMON_BLOCKS = YES;
				GCC_WARN_64_TO_32_BIT_CONVERSION = YES;
				GCC_WARN_ABOUT_RETURN_TYPE = YES_ERROR;
				GCC_WARN_UNDECLARED_SELECTOR = YES;
				GCC_WARN_UNINITIALIZED_AUTOS = YES_AGGRESSIVE;
				GCC_WARN_UNUSED_FUNCTION = YES;
				GCC_WARN_UNUSED_VARIABLE = YES;
				IPHONEOS_DEPLOYMENT_TARGET = 9.3;
				MTL_ENABLE_DEBUG_INFO = NO;
				SDKROOT = iphoneos;
				TARGETED_DEVICE_FAMILY = "1,2";
				VALIDATE_PRODUCT = YES;
			};
			name = Release;
		};
		3CCA57061D64A2B4004CE16A /* Debug */ = {
			isa = XCBuildConfiguration;
			buildSettings = {
				ASSETCATALOG_COMPILER_APPICON_NAME = AppIcon;
				INFOPLIST_FILE = IdentityDemo/Info.plist;
				LD_RUNPATH_SEARCH_PATHS = "$(inherited) @executable_path/Frameworks";
				PRODUCT_BUNDLE_IDENTIFIER = com.dtho.IdentityDemo;
				PRODUCT_NAME = "$(TARGET_NAME)";
			};
			name = Debug;
		};
		3CCA57071D64A2B4004CE16A /* Release */ = {
			isa = XCBuildConfiguration;
			buildSettings = {
				ASSETCATALOG_COMPILER_APPICON_NAME = AppIcon;
				INFOPLIST_FILE = IdentityDemo/Info.plist;
				LD_RUNPATH_SEARCH_PATHS = "$(inherited) @executable_path/Frameworks";
				PRODUCT_BUNDLE_IDENTIFIER = com.dtho.IdentityDemo;
				PRODUCT_NAME = "$(TARGET_NAME)";
			};
			name = Release;
		};
/* End XCBuildConfiguration section */

/* Begin XCConfigurationList section */
		3CCA56EE1D64A2B4004CE16A /* Build configuration list for PBXProject "IdentityDemo" */ = {
			isa = XCConfigurationList;
			buildConfigurations = (
				3CCA57031D64A2B4004CE16A /* Debug */,
				3CCA57041D64A2B4004CE16A /* Release */,
			);
			defaultConfigurationIsVisible = 0;
			defaultConfigurationName = Release;
		};
		3CCA57051D64A2B4004CE16A /* Build configuration list for PBXNativeTarget "IdentityDemo" */ = {
			isa = XCConfigurationList;
			buildConfigurations = (
				3CCA57061D64A2B4004CE16A /* Debug */,
				3CCA57071D64A2B4004CE16A /* Release */,
			);
			defaultConfigurationIsVisible = 0;
		};
/* End XCConfigurationList section */
	};
	rootObject = 3CCA56EB1D64A2B4004CE16A /* Project object */;
}
